<Solution>
  <Project Path="Blackjack.Application.Tests/Blackjack.Application.Tests.csproj" />
  <Project Path="Blackjack.Application/Blackjack.Application.csproj" />
  <Project Path="Blackjack.Domain.Tests/Blackjack.Domain.Tests.csproj" />
  <Project Path="Blackjack.Domain/Blackjack.Domain.csproj" />
  <Project Path="Blackjack.Infrastructure.Tests/Blackjack.Infrastructure.Tests.csproj" />
  <Project Path="Blackjack.Infrastructure/Blackjack.Infrastructure.csproj" />
  <Project Path="Blackjack.Testing.Utils/Blackjack.Testing.Utils.csproj" Id="eae25327-ba45-4f49-a2cb-4a93ba1f099f" />
  <Project Path="Blackjack.Wpf/Blackjack.Wpf.csproj" />
</Solution>
